# MON Windows dependency constraints.
# Keep top-level packages range-bounded; do not pin a CI machine's transitive graph.

# Runtime
fastapi>=0.116,<1
uvicorn[standard]>=0.35,<1
psutil>=7,<8
PyYAML>=6,<7
pywin32>=311

# Development / validation
pytest>=8.4,<9
pytest-asyncio>=1.1,<2
ruff>=0.12,<1
httpx>=0.28,<1
